
Microsoft Visual Studio Solution File, Format Version 12.00
# Visual Studio Version 16
VisualStudioVersion = 16.0.30330.147
MinimumVisualStudioVersion = 15.0.26124.0
Project("{9A19103F-16F7-4668-BE54-9A1E7A4F7556}") = "BookRecipes.Core", "BookRecipes.Core\BookRecipes.Core.csproj", "{226D256E-B282-4E5D-AA0D-4AC02517B14C}"
EndProject
Project("{9A19103F-16F7-4668-BE54-9A1E7A4F7556}") = "BookRecipes.Infrastructure", "BookRecipes.Infrastructure\BookRecipes.Infrastructure.csproj", "{8BC14128-BA85-432B-82E7-71C1AA9A9387}"
EndProject
Project("{9A19103F-16F7-4668-BE54-9A1E7A4F7556}") = "BookRecipes.SharedKernel", "BookRecipes.SharedKernel\BookRecipes.SharedKernel.csproj", "{788E08DA-ACDF-4DE0-BD2C-0CE1DD31AC67}"
EndProject
Project("{9A19103F-16F7-4668-BE54-9A1E7A4F7556}") = "BookRecipes.Tests", "BookRecipes.Tests\BookRecipes.Tests.csproj", "{031C90BF-D1A5-4B3F-A676-CA35D8E9A451}"
EndProject
Project("{9A19103F-16F7-4668-BE54-9A1E7A4F7556}") = "BookRecipes.WebApi", "BookRecipes.WebApi\BookRecipes.WebApi.csproj", "{8C7B1938-94DD-4232-BEFB-8B37480E5560}"
EndProject
Global
	GlobalSection(SolutionConfigurationPlatforms) = preSolution
		Debug|Any CPU = Debug|Any CPU
		Debug|x64 = Debug|x64
		Debug|x86 = Debug|x86
		Release|Any CPU = Release|Any CPU
		Release|x64 = Release|x64
		Release|x86 = Release|x86
	EndGlobalSection
	GlobalSection(ProjectConfigurationPlatforms) = postSolution
		{226D256E-B282-4E5D-AA0D-4AC02517B14C}.Debug|Any CPU.ActiveCfg = Debug|Any CPU
		{226D256E-B282-4E5D-AA0D-4AC02517B14C}.Debug|Any CPU.Build.0 = Debug|Any CPU
		{226D256E-B282-4E5D-AA0D-4AC02517B14C}.Debug|x64.ActiveCfg = Debug|Any CPU
		{226D256E-B282-4E5D-AA0D-4AC02517B14C}.Debug|x64.Build.0 = Debug|Any CPU
		{226D256E-B282-4E5D-AA0D-4AC02517B14C}.Debug|x86.ActiveCfg = Debug|Any CPU
		{226D256E-B282-4E5D-AA0D-4AC02517B14C}.Debug|x86.Build.0 = Debug|Any CPU
		{226D256E-B282-4E5D-AA0D-4AC02517B14C}.Release|Any CPU.ActiveCfg = Release|Any CPU
		{226D256E-B282-4E5D-AA0D-4AC02517B14C}.Release|Any CPU.Build.0 = Release|Any CPU
		{226D256E-B282-4E5D-AA0D-4AC02517B14C}.Release|x64.ActiveCfg = Release|Any CPU
		{226D256E-B282-4E5D-AA0D-4AC02517B14C}.Release|x64.Build.0 = Release|Any CPU
		{226D256E-B282-4E5D-AA0D-4AC02517B14C}.Release|x86.ActiveCfg = Release|Any CPU
		{226D256E-B282-4E5D-AA0D-4AC02517B14C}.Release|x86.Build.0 = Release|Any CPU
		{8BC14128-BA85-432B-82E7-71C1AA9A9387}.Debug|Any CPU.ActiveCfg = Debug|Any CPU
		{8BC14128-BA85-432B-82E7-71C1AA9A9387}.Debug|Any CPU.Build.0 = Debug|Any CPU
		{8BC14128-BA85-432B-82E7-71C1AA9A9387}.Debug|x64.ActiveCfg = Debug|Any CPU
		{8BC14128-BA85-432B-82E7-71C1AA9A9387}.Debug|x64.Build.0 = Debug|Any CPU
		{8BC14128-BA85-432B-82E7-71C1AA9A9387}.Debug|x86.ActiveCfg = Debug|Any CPU
		{8BC14128-BA85-432B-82E7-71C1AA9A9387}.Debug|x86.Build.0 = Debug|Any CPU
		{8BC14128-BA85-432B-82E7-71C1AA9A9387}.Release|Any CPU.ActiveCfg = Release|Any CPU
		{8BC14128-BA85-432B-82E7-71C1AA9A9387}.Release|Any CPU.Build.0 = Release|Any CPU
		{8BC14128-BA85-432B-82E7-71C1AA9A9387}.Release|x64.ActiveCfg = Release|Any CPU
		{8BC14128-BA85-432B-82E7-71C1AA9A9387}.Release|x64.Build.0 = Release|Any CPU
		{8BC14128-BA85-432B-82E7-71C1AA9A9387}.Release|x86.ActiveCfg = Release|Any CPU
		{8BC14128-BA85-432B-82E7-71C1AA9A9387}.Release|x86.Build.0 = Release|Any CPU
		{788E08DA-ACDF-4DE0-BD2C-0CE1DD31AC67}.Debug|Any CPU.ActiveCfg = Debug|Any CPU
		{788E08DA-ACDF-4DE0-BD2C-0CE1DD31AC67}.Debug|Any CPU.Build.0 = Debug|Any CPU
		{788E08DA-ACDF-4DE0-BD2C-0CE1DD31AC67}.Debug|x64.ActiveCfg = Debug|Any CPU
		{788E08DA-ACDF-4DE0-BD2C-0CE1DD31AC67}.Debug|x64.Build.0 = Debug|Any CPU
		{788E08DA-ACDF-4DE0-BD2C-0CE1DD31AC67}.Debug|x86.ActiveCfg = Debug|Any CPU
		{788E08DA-ACDF-4DE0-BD2C-0CE1DD31AC67}.Debug|x86.Build.0 = Debug|Any CPU
		{788E08DA-ACDF-4DE0-BD2C-0CE1DD31AC67}.Release|Any CPU.ActiveCfg = Release|Any CPU
		{788E08DA-ACDF-4DE0-BD2C-0CE1DD31AC67}.Release|Any CPU.Build.0 = Release|Any CPU
		{788E08DA-ACDF-4DE0-BD2C-0CE1DD31AC67}.Release|x64.ActiveCfg = Release|Any CPU
		{788E08DA-ACDF-4DE0-BD2C-0CE1DD31AC67}.Release|x64.Build.0 = Release|Any CPU
		{788E08DA-ACDF-4DE0-BD2C-0CE1DD31AC67}.Release|x86.ActiveCfg = Release|Any CPU
		{788E08DA-ACDF-4DE0-BD2C-0CE1DD31AC67}.Release|x86.Build.0 = Release|Any CPU
		{031C90BF-D1A5-4B3F-A676-CA35D8E9A451}.Debug|Any CPU.ActiveCfg = Debug|Any CPU
		{031C90BF-D1A5-4B3F-A676-CA35D8E9A451}.Debug|Any CPU.Build.0 = Debug|Any CPU
		{031C90BF-D1A5-4B3F-A676-CA35D8E9A451}.Debug|x64.ActiveCfg = Debug|Any CPU
		{031C90BF-D1A5-4B3F-A676-CA35D8E9A451}.Debug|x64.Build.0 = Debug|Any CPU
		{031C90BF-D1A5-4B3F-A676-CA35D8E9A451}.Debug|x86.ActiveCfg = Debug|Any CPU
		{031C90BF-D1A5-4B3F-A676-CA35D8E9A451}.Debug|x86.Build.0 = Debug|Any CPU
		{031C90BF-D1A5-4B3F-A676-CA35D8E9A451}.Release|Any CPU.ActiveCfg = Release|Any CPU
		{031C90BF-D1A5-4B3F-A676-CA35D8E9A451}.Release|Any CPU.Build.0 = Release|Any CPU
		{031C90BF-D1A5-4B3F-A676-CA35D8E9A451}.Release|x64.ActiveCfg = Release|Any CPU
		{031C90BF-D1A5-4B3F-A676-CA35D8E9A451}.Release|x64.Build.0 = Release|Any CPU
		{031C90BF-D1A5-4B3F-A676-CA35D8E9A451}.Release|x86.ActiveCfg = Release|Any CPU
		{031C90BF-D1A5-4B3F-A676-CA35D8E9A451}.Release|x86.Build.0 = Release|Any CPU
		{8C7B1938-94DD-4232-BEFB-8B37480E5560}.Debug|Any CPU.ActiveCfg = Debug|Any CPU
		{8C7B1938-94DD-4232-BEFB-8B37480E5560}.Debug|Any CPU.Build.0 = Debug|Any CPU
		{8C7B1938-94DD-4232-BEFB-8B37480E5560}.Debug|x64.ActiveCfg = Debug|Any CPU
		{8C7B1938-94DD-4232-BEFB-8B37480E5560}.Debug|x64.Build.0 = Debug|Any CPU
		{8C7B1938-94DD-4232-BEFB-8B37480E5560}.Debug|x86.ActiveCfg = Debug|Any CPU
		{8C7B1938-94DD-4232-BEFB-8B37480E5560}.Debug|x86.Build.0 = Debug|Any CPU
		{8C7B1938-94DD-4232-BEFB-8B37480E5560}.Release|Any CPU.ActiveCfg = Release|Any CPU
		{8C7B1938-94DD-4232-BEFB-8B37480E5560}.Release|Any CPU.Build.0 = Release|Any CPU
		{8C7B1938-94DD-4232-BEFB-8B37480E5560}.Release|x64.ActiveCfg = Release|Any CPU
		{8C7B1938-94DD-4232-BEFB-8B37480E5560}.Release|x64.Build.0 = Release|Any CPU
		{8C7B1938-94DD-4232-BEFB-8B37480E5560}.Release|x86.ActiveCfg = Release|Any CPU
		{8C7B1938-94DD-4232-BEFB-8B37480E5560}.Release|x86.Build.0 = Release|Any CPU
	EndGlobalSection
	GlobalSection(SolutionProperties) = preSolution
		HideSolutionNode = FALSE
	EndGlobalSection
	GlobalSection(ExtensibilityGlobals) = postSolution
		SolutionGuid = {430D632B-5F20-4B39-B280-567CD6392A09}
	EndGlobalSection
EndGlobal
